
Microsoft Visual Studio Solution File, Format Version 12.00
# Visual Studio Version 16
VisualStudioVersion = 16.0.31424.327
MinimumVisualStudioVersion = 10.0.40219.1
Project("{FAE04EC0-301F-11D3-BF4B-00C04F79EFBC}") = "CalculatorApp", "CalculatorApp\CalculatorApp.csproj", "{99811643-F53D-4948-BFC2-C5097554D17F}"
EndProject
Project("{FAE04EC0-301F-11D3-BF4B-00C04F79EFBC}") = "CalculatorModel", "CalculatorModel\CalculatorModel.csproj", "{51526F34-5E90-4623-A6B7-47F58B19D03A}"
EndProject
Project("{FAE04EC0-301F-11D3-BF4B-00C04F79EFBC}") = "CalculatorTests", "CalculatorTests\CalculatorTests.csproj", "{BD34EF9E-0205-4E52-8868-B435B9D4C04D}"
EndProject
Global
	GlobalSection(SolutionConfigurationPlatforms) = preSolution
		Debug|Any CPU = Debug|Any CPU
		Release|Any CPU = Release|Any CPU
	EndGlobalSection
	GlobalSection(ProjectConfigurationPlatforms) = postSolution
		{99811643-F53D-4948-BFC2-C5097554D17F}.Debug|Any CPU.ActiveCfg = Debug|Any CPU
		{99811643-F53D-4948-BFC2-C5097554D17F}.Debug|Any CPU.Build.0 = Debug|Any CPU
		{99811643-F53D-4948-BFC2-C5097554D17F}.Release|Any CPU.ActiveCfg = Release|Any CPU
		{99811643-F53D-4948-BFC2-C5097554D17F}.Release|Any CPU.Build.0 = Release|Any CPU
		{51526F34-5E90-4623-A6B7-47F58B19D03A}.Debug|Any CPU.ActiveCfg = Debug|Any CPU
		{51526F34-5E90-4623-A6B7-47F58B19D03A}.Debug|Any CPU.Build.0 = Debug|Any CPU
		{51526F34-5E90-4623-A6B7-47F58B19D03A}.Release|Any CPU.ActiveCfg = Release|Any CPU
		{51526F34-5E90-4623-A6B7-47F58B19D03A}.Release|Any CPU.Build.0 = Release|Any CPU
		{BD34EF9E-0205-4E52-8868-B435B9D4C04D}.Debug|Any CPU.ActiveCfg = Debug|Any CPU
		{BD34EF9E-0205-4E52-8868-B435B9D4C04D}.Debug|Any CPU.Build.0 = Debug|Any CPU
		{BD34EF9E-0205-4E52-8868-B435B9D4C04D}.Release|Any CPU.ActiveCfg = Release|Any CPU
		{BD34EF9E-0205-4E52-8868-B435B9D4C04D}.Release|Any CPU.Build.0 = Release|Any CPU
	EndGlobalSection
	GlobalSection(SolutionProperties) = preSolution
		HideSolutionNode = FALSE
	EndGlobalSection
	GlobalSection(ExtensibilityGlobals) = postSolution
		SolutionGuid = {4C273B9B-8842-4BE5-9781-CD6CF7361BCE}
	EndGlobalSection
EndGlobal
